// !$*UTF8*$!
{
	archiveVersion = 1;
	classes = {
	};
	objectVersion = 46;
	objects = {

/* Begin PBXBuildFile section */
		244660141C7C849B00F49CE7 /* ElementalVortexWords.json in Resources */ = {isa = PBXBuildFile; fileRef = 244660121C7C849B00F49CE7 /* ElementalVortexWords.json */; };
		244660151C7C849B00F49CE7 /* UnholyGroundWords.json in Resources */ = {isa = PBXBuildFile; fileRef = 244660131C7C849B00F49CE7 /* UnholyGroundWords.json */; };
		2467CD171C7BA7F4001DF3CD /* Front.swift in Sources */ = {isa = PBXBuildFile; fileRef = 2467CD161C7BA7F4001DF3CD /* Front.swift */; };
		2467CD191C7BA7FE001DF3CD /* Danger.swift in Sources */ = {isa = PBXBuildFile; fileRef = 2467CD181C7BA7FE001DF3CD /* Danger.swift */; };
		2467CD1B1C7BAAEF001DF3CD /* BaseWords.json in Resources */ = {isa = PBXBuildFile; fileRef = 2467CD1A1C7BAAEF001DF3CD /* BaseWords.json */; };
		2467CD1D1C7BAF1C001DF3CD /* ThievesGuildWords.json in Resources */ = {isa = PBXBuildFile; fileRef = 2467CD1C1C7BAF1C001DF3CD /* ThievesGuildWords.json */; };
		2467CD211C7BC023001DF3CD /* Doom.swift in Sources */ = {isa = PBXBuildFile; fileRef = 2467CD201C7BC023001DF3CD /* Doom.swift */; };
		2467CD231C7BC43D001DF3CD /* Pluralize.swift in Sources */ = {isa = PBXBuildFile; fileRef = 2467CD221C7BC43D001DF3CD /* Pluralize.swift */; };
		2467CD251C7BC583001DF3CD /* CultWords.json in Resources */ = {isa = PBXBuildFile; fileRef = 2467CD241C7BC583001DF3CD /* CultWords.json */; };
		2467CD281C7BCA17001DF3CD /* ReligiousOrganizationWords.json in Resources */ = {isa = PBXBuildFile; fileRef = 2467CD271C7BCA17001DF3CD /* ReligiousOrganizationWords.json */; };
		2467CD2D1C7BCC33001DF3CD /* DemonPrinceWords.json in Resources */ = {isa = PBXBuildFile; fileRef = 2467CD291C7BCC33001DF3CD /* DemonPrinceWords.json */; };
		2467CD2E1C7BCC33001DF3CD /* GodWords.json in Resources */ = {isa = PBXBuildFile; fileRef = 2467CD2A1C7BCC33001DF3CD /* GodWords.json */; };
		2467CD2F1C7BCC33001DF3CD /* CabalWords.json in Resources */ = {isa = PBXBuildFile; fileRef = 2467CD2B1C7BCC33001DF3CD /* CabalWords.json */; };
		2467CD301C7BCC33001DF3CD /* CorruptGovernmentWords.json in Resources */ = {isa = PBXBuildFile; fileRef = 2467CD2C1C7BCC33001DF3CD /* CorruptGovernmentWords.json */; };
		2467CD351C7BCCD9001DF3CD /* ConstructOfLawWords.json in Resources */ = {isa = PBXBuildFile; fileRef = 2467CD311C7BCCD9001DF3CD /* ConstructOfLawWords.json */; };
		2467CD361C7BCCD9001DF3CD /* ChoirOfAngelsWords.json in Resources */ = {isa = PBXBuildFile; fileRef = 2467CD321C7BCCD9001DF3CD /* ChoirOfAngelsWords.json */; };
		2467CD371C7BCCD9001DF3CD /* ForceOfChaosWords.json in Resources */ = {isa = PBXBuildFile; fileRef = 2467CD331C7BCCD9001DF3CD /* ForceOfChaosWords.json */; };
		2467CD381C7BCCD9001DF3CD /* ElementalLordWords.json in Resources */ = {isa = PBXBuildFile; fileRef = 2467CD341C7BCCD9001DF3CD /* ElementalLordWords.json */; };
		2467CD3C1C7BCFBA001DF3CD /* SentientArtifactWords.json in Resources */ = {isa = PBXBuildFile; fileRef = 2467CD391C7BCFBA001DF3CD /* SentientArtifactWords.json */; };
		2467CD3D1C7BCFBA001DF3CD /* LordOfTheUndeadWords.json in Resources */ = {isa = PBXBuildFile; fileRef = 2467CD3A1C7BCFBA001DF3CD /* LordOfTheUndeadWords.json */; };
		2467CD3E1C7BCFBA001DF3CD /* MisguidedGoodWords.json in Resources */ = {isa = PBXBuildFile; fileRef = 2467CD3B1C7BCFBA001DF3CD /* MisguidedGoodWords.json */; };
		2467CD411C7BD7A1001DF3CD /* WanderingBarbariansWords.json in Resources */ = {isa = PBXBuildFile; fileRef = 2467CD3F1C7BD7A1001DF3CD /* WanderingBarbariansWords.json */; };
		2467CD421C7BD7A1001DF3CD /* DragonWords.json in Resources */ = {isa = PBXBuildFile; fileRef = 2467CD401C7BD7A1001DF3CD /* DragonWords.json */; };
		2467CD451C7BD86E001DF3CD /* HumanoidVerminWords.json in Resources */ = {isa = PBXBuildFile; fileRef = 2467CD431C7BD86E001DF3CD /* HumanoidVerminWords.json */; };
		2467CD461C7BD86E001DF3CD /* UndergroundDwellersWords.json in Resources */ = {isa = PBXBuildFile; fileRef = 2467CD441C7BD86E001DF3CD /* UndergroundDwellersWords.json */; };
		2467CD491C7BD8FC001DF3CD /* AbandonedTowerWords.json in Resources */ = {isa = PBXBuildFile; fileRef = 2467CD471C7BD8FC001DF3CD /* AbandonedTowerWords.json */; };
		2467CD4A1C7BD8FC001DF3CD /* PlagueOfTheUndeadWords.json in Resources */ = {isa = PBXBuildFile; fileRef = 2467CD481C7BD8FC001DF3CD /* PlagueOfTheUndeadWords.json */; };
		2467CD4C1C7C7F56001DF3CD /* ChosenOneWords.json in Resources */ = {isa = PBXBuildFile; fileRef = 2467CD4B1C7C7F56001DF3CD /* ChosenOneWords.json */; };
		2467CD511C7C802E001DF3CD /* SteadingTableViewCell.swift in Sources */ = {isa = PBXBuildFile; fileRef = 2467CD501C7C802E001DF3CD /* SteadingTableViewCell.swift */; };
		247DAADA1C7A48C10070A7FC /* String.swift in Sources */ = {isa = PBXBuildFile; fileRef = 247DAAD91C7A48C10070A7FC /* String.swift */; };
		24C5B81A1C779AEF00A2460E /* AppDelegate.swift in Sources */ = {isa = PBXBuildFile; fileRef = 24C5B8191C779AEF00A2460E /* AppDelegate.swift */; };
		24C5B81C1C779AEF00A2460E /* ViewController.swift in Sources */ = {isa = PBXBuildFile; fileRef = 24C5B81B1C779AEF00A2460E /* ViewController.swift */; };
		24C5B81F1C779AEF00A2460E /* Main.storyboard in Resources */ = {isa = PBXBuildFile; fileRef = 24C5B81D1C779AEF00A2460E /* Main.storyboard */; };
		24C5B8211C779AEF00A2460E /* Assets.xcassets in Resources */ = {isa = PBXBuildFile; fileRef = 24C5B8201C779AEF00A2460E /* Assets.xcassets */; };
		24C5B8241C779AEF00A2460E /* LaunchScreen.storyboard in Resources */ = {isa = PBXBuildFile; fileRef = 24C5B8221C779AEF00A2460E /* LaunchScreen.storyboard */; };
		24C5B82F1C779AEF00A2460E /* SteadingomaticTests.swift in Sources */ = {isa = PBXBuildFile; fileRef = 24C5B82E1C779AEF00A2460E /* SteadingomaticTests.swift */; };
		24C5B83A1C779AEF00A2460E /* SteadingomaticUITests.swift in Sources */ = {isa = PBXBuildFile; fileRef = 24C5B8391C779AEF00A2460E /* SteadingomaticUITests.swift */; };
		24C5B84C1C779F2100A2460E /* librebaskerville-bold-webfont.ttf in Resources */ = {isa = PBXBuildFile; fileRef = 24C5B8491C779F2100A2460E /* librebaskerville-bold-webfont.ttf */; };
		24C5B84D1C779F2100A2460E /* librebaskerville-italic-webfont.ttf in Resources */ = {isa = PBXBuildFile; fileRef = 24C5B84A1C779F2100A2460E /* librebaskerville-italic-webfont.ttf */; };
		24C5B84E1C779F2100A2460E /* librebaskerville-regular-webfont.ttf in Resources */ = {isa = PBXBuildFile; fileRef = 24C5B84B1C779F2100A2460E /* librebaskerville-regular-webfont.ttf */; };
		24C5B8501C77A18D00A2460E /* SteadingsTableViewController.swift in Sources */ = {isa = PBXBuildFile; fileRef = 24C5B84F1C77A18D00A2460E /* SteadingsTableViewController.swift */; };
		24C5B8551C77A24200A2460E /* Steading.swift in Sources */ = {isa = PBXBuildFile; fileRef = 24C5B8541C77A24200A2460E /* Steading.swift */; };
		24C5B8571C77A79D00A2460E /* SubstitutionTemplate.swift in Sources */ = {isa = PBXBuildFile; fileRef = 24C5B8561C77A79D00A2460E /* SubstitutionTemplate.swift */; };
		24C5B85F1C77C8AA00A2460E /* SteadingWords.json in Resources */ = {isa = PBXBuildFile; fileRef = 24C5B85E1C77C8AA00A2460E /* SteadingWords.json */; };
		24E621DA1C7B5F5F00E27DE2 /* NSScanner+Swift.swift in Sources */ = {isa = PBXBuildFile; fileRef = 24E621D91C7B5F5F00E27DE2 /* NSScanner+Swift.swift */; };
		24E621E01C7B7EA000E27DE2 /* SteadingViewController.swift in Sources */ = {isa = PBXBuildFile; fileRef = 24E621DF1C7B7EA000E27DE2 /* SteadingViewController.swift */; };
		24E621E31C7B800800E27DE2 /* SteadingDetailView.swift in Sources */ = {isa = PBXBuildFile; fileRef = 24E621E21C7B800800E27DE2 /* SteadingDetailView.swift */; };
/* End PBXBuildFile section */

/* Begin PBXContainerItemProxy section */
		24C5B82B1C779AEF00A2460E /* PBXContainerItemProxy */ = {
			isa = PBXContainerItemProxy;
			containerPortal = 24C5B80E1C779AEF00A2460E /* Project object */;
			proxyType = 1;
			remoteGlobalIDString = 24C5B8151C779AEF00A2460E;
			remoteInfo = Steadingomatic;
		};
		24C5B8361C779AEF00A2460E /* PBXContainerItemProxy */ = {
			isa = PBXContainerItemProxy;
			containerPortal = 24C5B80E1C779AEF00A2460E /* Project object */;
			proxyType = 1;
			remoteGlobalIDString = 24C5B8151C779AEF00A2460E;
			remoteInfo = Steadingomatic;
		};
/* End PBXContainerItemProxy section */

/* Begin PBXFileReference section */
		244660121C7C849B00F49CE7 /* ElementalVortexWords.json */ = {isa = PBXFileReference; fileEncoding = 4; lastKnownFileType = text.json; path = ElementalVortexWords.json; sourceTree = "<group>"; };
		244660131C7C849B00F49CE7 /* UnholyGroundWords.json */ = {isa = PBXFileReference; fileEncoding = 4; lastKnownFileType = text.json; path = UnholyGroundWords.json; sourceTree = "<group>"; };
		2467CD161C7BA7F4001DF3CD /* Front.swift */ = {isa = PBXFileReference; fileEncoding = 4; lastKnownFileType = sourcecode.swift; path = Front.swift; sourceTree = "<group>"; };
		2467CD181C7BA7FE001DF3CD /* Danger.swift */ = {isa = PBXFileReference; fileEncoding = 4; lastKnownFileType = sourcecode.swift; path = Danger.swift; sourceTree = "<group>"; };
		2467CD1A1C7BAAEF001DF3CD /* BaseWords.json */ = {isa = PBXFileReference; fileEncoding = 4; lastKnownFileType = text.json; path = BaseWords.json; sourceTree = "<group>"; };
		2467CD1C1C7BAF1C001DF3CD /* ThievesGuildWords.json */ = {isa = PBXFileReference; fileEncoding = 4; lastKnownFileType = text.json; path = ThievesGuildWords.json; sourceTree = "<group>"; };
		2467CD201C7BC023001DF3CD /* Doom.swift */ = {isa = PBXFileReference; fileEncoding = 4; lastKnownFileType = sourcecode.swift; path = Doom.swift; sourceTree = "<group>"; };
		2467CD221C7BC43D001DF3CD /* Pluralize.swift */ = {isa = PBXFileReference; fileEncoding = 4; lastKnownFileType = sourcecode.swift; path = Pluralize.swift; sourceTree = "<group>"; };
		2467CD241C7BC583001DF3CD /* CultWords.json */ = {isa = PBXFileReference; fileEncoding = 4; lastKnownFileType = text.json; path = CultWords.json; sourceTree = "<group>"; };
		2467CD271C7BCA17001DF3CD /* ReligiousOrganizationWords.json */ = {isa = PBXFileReference; fileEncoding = 4; lastKnownFileType = text.json; path = ReligiousOrganizationWords.json; sourceTree = "<group>"; };
		2467CD291C7BCC33001DF3CD /* DemonPrinceWords.json */ = {isa = PBXFileReference; fileEncoding = 4; lastKnownFileType = text.json; path = DemonPrinceWords.json; sourceTree = "<group>"; };
		2467CD2A1C7BCC33001DF3CD /* GodWords.json */ = {isa = PBXFileReference; fileEncoding = 4; lastKnownFileType = text.json; path = GodWords.json; sourceTree = "<group>"; };
		2467CD2B1C7BCC33001DF3CD /* CabalWords.json */ = {isa = PBXFileReference; fileEncoding = 4; lastKnownFileType = text.json; path = CabalWords.json; sourceTree = "<group>"; };
		2467CD2C1C7BCC33001DF3CD /* CorruptGovernmentWords.json */ = {isa = PBXFileReference; fileEncoding = 4; lastKnownFileType = text.json; path = CorruptGovernmentWords.json; sourceTree = "<group>"; };
		2467CD311C7BCCD9001DF3CD /* ConstructOfLawWords.json */ = {isa = PBXFileReference; fileEncoding = 4; lastKnownFileType = text.json; path = ConstructOfLawWords.json; sourceTree = "<group>"; };
		2467CD321C7BCCD9001DF3CD /* ChoirOfAngelsWords.json */ = {isa = PBXFileReference; fileEncoding = 4; lastKnownFileType = text.json; path = ChoirOfAngelsWords.json; sourceTree = "<group>"; };
		2467CD331C7BCCD9001DF3CD /* ForceOfChaosWords.json */ = {isa = PBXFileReference; fileEncoding = 4; lastKnownFileType = text.json; path = ForceOfChaosWords.json; sourceTree = "<group>"; };
		2467CD341C7BCCD9001DF3CD /* ElementalLordWords.json */ = {isa = PBXFileReference; fileEncoding = 4; lastKnownFileType = text.json; path = ElementalLordWords.json; sourceTree = "<group>"; };
		2467CD391C7BCFBA001DF3CD /* SentientArtifactWords.json */ = {isa = PBXFileReference; fileEncoding = 4; lastKnownFileType = text.json; path = SentientArtifactWords.json; sourceTree = "<group>"; };
		2467CD3A1C7BCFBA001DF3CD /* LordOfTheUndeadWords.json */ = {isa = PBXFileReference; fileEncoding = 4; lastKnownFileType = text.json; path = LordOfTheUndeadWords.json; sourceTree = "<group>"; };
		2467CD3B1C7BCFBA001DF3CD /* MisguidedGoodWords.json */ = {isa = PBXFileReference; fileEncoding = 4; lastKnownFileType = text.json; path = MisguidedGoodWords.json; sourceTree = "<group>"; };
		2467CD3F1C7BD7A1001DF3CD /* WanderingBarbariansWords.json */ = {isa = PBXFileReference; fileEncoding = 4; lastKnownFileType = text.json; path = WanderingBarbariansWords.json; sourceTree = "<group>"; };
		2467CD401C7BD7A1001DF3CD /* DragonWords.json */ = {isa = PBXFileReference; fileEncoding = 4; lastKnownFileType = text.json; path = DragonWords.json; sourceTree = "<group>"; };
		2467CD431C7BD86E001DF3CD /* HumanoidVerminWords.json */ = {isa = PBXFileReference; fileEncoding = 4; lastKnownFileType = text.json; path = HumanoidVerminWords.json; sourceTree = "<group>"; };
		2467CD441C7BD86E001DF3CD /* UndergroundDwellersWords.json */ = {isa = PBXFileReference; fileEncoding = 4; lastKnownFileType = text.json; path = UndergroundDwellersWords.json; sourceTree = "<group>"; };
		2467CD471C7BD8FC001DF3CD /* AbandonedTowerWords.json */ = {isa = PBXFileReference; fileEncoding = 4; lastKnownFileType = text.json; path = AbandonedTowerWords.json; sourceTree = "<group>"; };
		2467CD481C7BD8FC001DF3CD /* PlagueOfTheUndeadWords.json */ = {isa = PBXFileReference; fileEncoding = 4; lastKnownFileType = text.json; path = PlagueOfTheUndeadWords.json; sourceTree = "<group>"; };
		2467CD4B1C7C7F56001DF3CD /* ChosenOneWords.json */ = {isa = PBXFileReference; fileEncoding = 4; lastKnownFileType = text.json; path = ChosenOneWords.json; sourceTree = "<group>"; };
		2467CD501C7C802E001DF3CD /* SteadingTableViewCell.swift */ = {isa = PBXFileReference; fileEncoding = 4; lastKnownFileType = sourcecode.swift; path = SteadingTableViewCell.swift; sourceTree = "<group>"; };
		247DAAD91C7A48C10070A7FC /* String.swift */ = {isa = PBXFileReference; fileEncoding = 4; lastKnownFileType = sourcecode.swift; path = String.swift; sourceTree = "<group>"; };
		24C5B8161C779AEF00A2460E /* Steadingomatic.app */ = {isa = PBXFileReference; explicitFileType = wrapper.application; includeInIndex = 0; path = Steadingomatic.app; sourceTree = BUILT_PRODUCTS_DIR; };
		24C5B8191C779AEF00A2460E /* AppDelegate.swift */ = {isa = PBXFileReference; lastKnownFileType = sourcecode.swift; path = AppDelegate.swift; sourceTree = "<group>"; };
		24C5B81B1C779AEF00A2460E /* ViewController.swift */ = {isa = PBXFileReference; lastKnownFileType = sourcecode.swift; path = ViewController.swift; sourceTree = "<group>"; };
		24C5B81E1C779AEF00A2460E /* Base */ = {isa = PBXFileReference; lastKnownFileType = file.storyboard; name = Base; path = Base.lproj/Main.storyboard; sourceTree = "<group>"; };
		24C5B8201C779AEF00A2460E /* Assets.xcassets */ = {isa = PBXFileReference; lastKnownFileType = folder.assetcatalog; path = Assets.xcassets; sourceTree = "<group>"; };
		24C5B8231C779AEF00A2460E /* Base */ = {isa = PBXFileReference; lastKnownFileType = file.storyboard; name = Base; path = Base.lproj/LaunchScreen.storyboard; sourceTree = "<group>"; };
		24C5B8251C779AEF00A2460E /* Info.plist */ = {isa = PBXFileReference; lastKnownFileType = text.plist.xml; path = Info.plist; sourceTree = "<group>"; };
		24C5B82A1C779AEF00A2460E /* SteadingomaticTests.xctest */ = {isa = PBXFileReference; explicitFileType = wrapper.cfbundle; includeInIndex = 0; path = SteadingomaticTests.xctest; sourceTree = BUILT_PRODUCTS_DIR; };
		24C5B82E1C779AEF00A2460E /* SteadingomaticTests.swift */ = {isa = PBXFileReference; lastKnownFileType = sourcecode.swift; path = SteadingomaticTests.swift; sourceTree = "<group>"; };
		24C5B8301C779AEF00A2460E /* Info.plist */ = {isa = PBXFileReference; lastKnownFileType = text.plist.xml; path = Info.plist; sourceTree = "<group>"; };
		24C5B8351C779AEF00A2460E /* SteadingomaticUITests.xctest */ = {isa = PBXFileReference; explicitFileType = wrapper.cfbundle; includeInIndex = 0; path = SteadingomaticUITests.xctest; sourceTree = BUILT_PRODUCTS_DIR; };
		24C5B8391C779AEF00A2460E /* SteadingomaticUITests.swift */ = {isa = PBXFileReference; lastKnownFileType = sourcecode.swift; path = SteadingomaticUITests.swift; sourceTree = "<group>"; };
		24C5B83B1C779AEF00A2460E /* Info.plist */ = {isa = PBXFileReference; lastKnownFileType = text.plist.xml; path = Info.plist; sourceTree = "<group>"; };
		24C5B8491C779F2100A2460E /* librebaskerville-bold-webfont.ttf */ = {isa = PBXFileReference; lastKnownFileType = file; path = "librebaskerville-bold-webfont.ttf"; sourceTree = "<group>"; };
		24C5B84A1C779F2100A2460E /* librebaskerville-italic-webfont.ttf */ = {isa = PBXFileReference; lastKnownFileType = file; path = "librebaskerville-italic-webfont.ttf"; sourceTree = "<group>"; };
		24C5B84B1C779F2100A2460E /* librebaskerville-regular-webfont.ttf */ = {isa = PBXFileReference; lastKnownFileType = file; path = "librebaskerville-regular-webfont.ttf"; sourceTree = "<group>"; };
		24C5B84F1C77A18D00A2460E /* SteadingsTableViewController.swift */ = {isa = PBXFileReference; fileEncoding = 4; lastKnownFileType = sourcecode.swift; path = SteadingsTableViewController.swift; sourceTree = "<group>"; };
		24C5B8541C77A24200A2460E /* Steading.swift */ = {isa = PBXFileReference; fileEncoding = 4; lastKnownFileType = sourcecode.swift; path = Steading.swift; sourceTree = "<group>"; };
		24C5B8561C77A79D00A2460E /* SubstitutionTemplate.swift */ = {isa = PBXFileReference; fileEncoding = 4; lastKnownFileType = sourcecode.swift; path = SubstitutionTemplate.swift; sourceTree = "<group>"; };
		24C5B85E1C77C8AA00A2460E /* SteadingWords.json */ = {isa = PBXFileReference; fileEncoding = 4; lastKnownFileType = text.json; path = SteadingWords.json; sourceTree = "<group>"; };
		24E621D91C7B5F5F00E27DE2 /* NSScanner+Swift.swift */ = {isa = PBXFileReference; fileEncoding = 4; lastKnownFileType = sourcecode.swift; path = "NSScanner+Swift.swift"; sourceTree = "<group>"; };
		24E621DF1C7B7EA000E27DE2 /* SteadingViewController.swift */ = {isa = PBXFileReference; fileEncoding = 4; lastKnownFileType = sourcecode.swift; path = SteadingViewController.swift; sourceTree = "<group>"; };
		24E621E21C7B800800E27DE2 /* SteadingDetailView.swift */ = {isa = PBXFileReference; fileEncoding = 4; lastKnownFileType = sourcecode.swift; path = SteadingDetailView.swift; sourceTree = "<group>"; };
/* End PBXFileReference section */

/* Begin PBXFrameworksBuildPhase section */
		24C5B8131C779AEF00A2460E /* Frameworks */ = {
			isa = PBXFrameworksBuildPhase;
			buildActionMask = 2147483647;
			files = (
			);
			runOnlyForDeploymentPostprocessing = 0;
		};
		24C5B8271C779AEF00A2460E /* Frameworks */ = {
			isa = PBXFrameworksBuildPhase;
			buildActionMask = 2147483647;
			files = (
			);
			runOnlyForDeploymentPostprocessing = 0;
		};
		24C5B8321C779AEF00A2460E /* Frameworks */ = {
			isa = PBXFrameworksBuildPhase;
			buildActionMask = 2147483647;
			files = (
			);
			runOnlyForDeploymentPostprocessing = 0;
		};
/* End PBXFrameworksBuildPhase section */

/* Begin PBXGroup section */
		2467CD4F1C7C7FF5001DF3CD /* Steading */ = {
			isa = PBXGroup;
			children = (
				24C5B84F1C77A18D00A2460E /* SteadingsTableViewController.swift */,
				24E621DF1C7B7EA000E27DE2 /* SteadingViewController.swift */,
				2467CD501C7C802E001DF3CD /* SteadingTableViewCell.swift */,
			);
			name = Steading;
			sourceTree = "<group>";
		};
		247DAAD81C7A48AB0070A7FC /* Helpers */ = {
			isa = PBXGroup;
			children = (
				247DAAD91C7A48C10070A7FC /* String.swift */,
				24E621D91C7B5F5F00E27DE2 /* NSScanner+Swift.swift */,
				2467CD221C7BC43D001DF3CD /* Pluralize.swift */,
			);
			name = Helpers;
			sourceTree = "<group>";
		};
		24C5B80D1C779AEF00A2460E = {
			isa = PBXGroup;
			children = (
				24C5B8181C779AEF00A2460E /* Steadingomatic */,
				24C5B82D1C779AEF00A2460E /* SteadingomaticTests */,
				24C5B8381C779AEF00A2460E /* SteadingomaticUITests */,
				24C5B8171C779AEF00A2460E /* Products */,
			);
			sourceTree = "<group>";
		};
		24C5B8171C779AEF00A2460E /* Products */ = {
			isa = PBXGroup;
			children = (
				24C5B8161C779AEF00A2460E /* Steadingomatic.app */,
				24C5B82A1C779AEF00A2460E /* SteadingomaticTests.xctest */,
				24C5B8351C779AEF00A2460E /* SteadingomaticUITests.xctest */,
			);
			name = Products;
			sourceTree = "<group>";
		};
		24C5B8181C779AEF00A2460E /* Steadingomatic */ = {
			isa = PBXGroup;
			children = (
				24E621E11C7B7FEB00E27DE2 /* Views */,
				247DAAD81C7A48AB0070A7FC /* Helpers */,
				24C5B85B1C77C86000A2460E /* Data */,
				24C5B8531C77A23100A2460E /* Models */,
				24C5B8521C77A1DD00A2460E /* Storyboards */,
				24C5B8511C77A1CF00A2460E /* ViewControllers */,
				24C5B8481C779EE500A2460E /* Resources */,
				24C5B8191C779AEF00A2460E /* AppDelegate.swift */,
				24C5B8201C779AEF00A2460E /* Assets.xcassets */,
				24C5B8221C779AEF00A2460E /* LaunchScreen.storyboard */,
				24C5B8251C779AEF00A2460E /* Info.plist */,
			);
			path = Steadingomatic;
			sourceTree = "<group>";
		};
		24C5B82D1C779AEF00A2460E /* SteadingomaticTests */ = {
			isa = PBXGroup;
			children = (
				24C5B82E1C779AEF00A2460E /* SteadingomaticTests.swift */,
				24C5B8301C779AEF00A2460E /* Info.plist */,
			);
			path = SteadingomaticTests;
			sourceTree = "<group>";
		};
		24C5B8381C779AEF00A2460E /* SteadingomaticUITests */ = {
			isa = PBXGroup;
			children = (
				24C5B8391C779AEF00A2460E /* SteadingomaticUITests.swift */,
				24C5B83B1C779AEF00A2460E /* Info.plist */,
			);
			path = SteadingomaticUITests;
			sourceTree = "<group>";
		};
		24C5B8481C779EE500A2460E /* Resources */ = {
			isa = PBXGroup;
			children = (
				24C5B8491C779F2100A2460E /* librebaskerville-bold-webfont.ttf */,
				24C5B84A1C779F2100A2460E /* librebaskerville-italic-webfont.ttf */,
				24C5B84B1C779F2100A2460E /* librebaskerville-regular-webfont.ttf */,
			);
			name = Resources;
			sourceTree = "<group>";
		};
		24C5B8511C77A1CF00A2460E /* ViewControllers */ = {
			isa = PBXGroup;
			children = (
				2467CD4F1C7C7FF5001DF3CD /* Steading */,
				24C5B81B1C779AEF00A2460E /* ViewController.swift */,
			);
			name = ViewControllers;
			sourceTree = "<group>";
		};
		24C5B8521C77A1DD00A2460E /* Storyboards */ = {
			isa = PBXGroup;
			children = (
				24C5B81D1C779AEF00A2460E /* Main.storyboard */,
			);
			name = Storyboards;
			sourceTree = "<group>";
		};
		24C5B8531C77A23100A2460E /* Models */ = {
			isa = PBXGroup;
			children = (
				24C5B8561C77A79D00A2460E /* SubstitutionTemplate.swift */,
				24C5B8541C77A24200A2460E /* Steading.swift */,
				2467CD161C7BA7F4001DF3CD /* Front.swift */,
				2467CD181C7BA7FE001DF3CD /* Danger.swift */,
				2467CD201C7BC023001DF3CD /* Doom.swift */,
			);
			name = Models;
			sourceTree = "<group>";
		};
		24C5B85B1C77C86000A2460E /* Data */ = {
			isa = PBXGroup;
			children = (
				244660121C7C849B00F49CE7 /* ElementalVortexWords.json */,
				244660131C7C849B00F49CE7 /* UnholyGroundWords.json */,
				2467CD471C7BD8FC001DF3CD /* AbandonedTowerWords.json */,
				2467CD1A1C7BAAEF001DF3CD /* BaseWords.json */,
				2467CD2B1C7BCC33001DF3CD /* CabalWords.json */,
				2467CD321C7BCCD9001DF3CD /* ChoirOfAngelsWords.json */,
				2467CD311C7BCCD9001DF3CD /* ConstructOfLawWords.json */,
				2467CD2C1C7BCC33001DF3CD /* CorruptGovernmentWords.json */,
				2467CD241C7BC583001DF3CD /* CultWords.json */,
				2467CD291C7BCC33001DF3CD /* DemonPrinceWords.json */,
				2467CD401C7BD7A1001DF3CD /* DragonWords.json */,
				2467CD341C7BCCD9001DF3CD /* ElementalLordWords.json */,
				2467CD331C7BCCD9001DF3CD /* ForceOfChaosWords.json */,
				2467CD2A1C7BCC33001DF3CD /* GodWords.json */,
				2467CD4B1C7C7F56001DF3CD /* ChosenOneWords.json */,
				2467CD431C7BD86E001DF3CD /* HumanoidVerminWords.json */,
				2467CD3A1C7BCFBA001DF3CD /* LordOfTheUndeadWords.json */,
				2467CD3B1C7BCFBA001DF3CD /* MisguidedGoodWords.json */,
				2467CD481C7BD8FC001DF3CD /* PlagueOfTheUndeadWords.json */,
				2467CD271C7BCA17001DF3CD /* ReligiousOrganizationWords.json */,
				2467CD391C7BCFBA001DF3CD /* SentientArtifactWords.json */,
				24C5B85E1C77C8AA00A2460E /* SteadingWords.json */,
				2467CD1C1C7BAF1C001DF3CD /* ThievesGuildWords.json */,
				2467CD441C7BD86E001DF3CD /* UndergroundDwellersWords.json */,
				2467CD3F1C7BD7A1001DF3CD /* WanderingBarbariansWords.json */,
			);
			name = Data;
			sourceTree = "<group>";
		};
		24E621E11C7B7FEB00E27DE2 /* Views */ = {
			isa = PBXGroup;
			children = (
				24E621E21C7B800800E27DE2 /* SteadingDetailView.swift */,
			);
			name = Views;
			sourceTree = "<group>";
		};
/* End PBXGroup section */

/* Begin PBXNativeTarget section */
		24C5B8151C779AEF00A2460E /* Steadingomatic */ = {
			isa = PBXNativeTarget;
			buildConfigurationList = 24C5B83E1C779AEF00A2460E /* Build configuration list for PBXNativeTarget "Steadingomatic" */;
			buildPhases = (
				24C5B8121C779AEF00A2460E /* Sources */,
				24C5B8131C779AEF00A2460E /* Frameworks */,
				24C5B8141C779AEF00A2460E /* Resources */,
			);
			buildRules = (
			);
			dependencies = (
			);
			name = Steadingomatic;
			productName = Steadingomatic;
			productReference = 24C5B8161C779AEF00A2460E /* Steadingomatic.app */;
			productType = "com.apple.product-type.application";
		};
		24C5B8291C779AEF00A2460E /* SteadingomaticTests */ = {
			isa = PBXNativeTarget;
			buildConfigurationList = 24C5B8411C779AEF00A2460E /* Build configuration list for PBXNativeTarget "SteadingomaticTests" */;
			buildPhases = (
				24C5B8261C779AEF00A2460E /* Sources */,
				24C5B8271C779AEF00A2460E /* Frameworks */,
				24C5B8281C779AEF00A2460E /* Resources */,
			);
			buildRules = (
			);
			dependencies = (
				24C5B82C1C779AEF00A2460E /* PBXTargetDependency */,
			);
			name = SteadingomaticTests;
			productName = SteadingomaticTests;
			productReference = 24C5B82A1C779AEF00A2460E /* SteadingomaticTests.xctest */;
			productType = "com.apple.product-type.bundle.unit-test";
		};
		24C5B8341C779AEF00A2460E /* SteadingomaticUITests */ = {
			isa = PBXNativeTarget;
			buildConfigurationList = 24C5B8441C779AEF00A2460E /* Build configuration list for PBXNativeTarget "SteadingomaticUITests" */;
			buildPhases = (
				24C5B8311C779AEF00A2460E /* Sources */,
				24C5B8321C779AEF00A2460E /* Frameworks */,
				24C5B8331C779AEF00A2460E /* Resources */,
			);
			buildRules = (
			);
			dependencies = (
				24C5B8371C779AEF00A2460E /* PBXTargetDependency */,
			);
			name = SteadingomaticUITests;
			productName = SteadingomaticUITests;
			productReference = 24C5B8351C779AEF00A2460E /* SteadingomaticUITests.xctest */;
			productType = "com.apple.product-type.bundle.ui-testing";
		};
/* End PBXNativeTarget section */

/* Begin PBXProject section */
		24C5B80E1C779AEF00A2460E /* Project object */ = {
			isa = PBXProject;
			attributes = {
				LastSwiftUpdateCheck = 0720;
				LastUpgradeCheck = 0720;
				ORGANIZATIONNAME = "Keith Avery";
				TargetAttributes = {
					24C5B8151C779AEF00A2460E = {
						CreatedOnToolsVersion = 7.2.1;
					};
					24C5B8291C779AEF00A2460E = {
						CreatedOnToolsVersion = 7.2.1;
						TestTargetID = 24C5B8151C779AEF00A2460E;
					};
					24C5B8341C779AEF00A2460E = {
						CreatedOnToolsVersion = 7.2.1;
						TestTargetID = 24C5B8151C779AEF00A2460E;
					};
				};
			};
			buildConfigurationList = 24C5B8111C779AEF00A2460E /* Build configuration list for PBXProject "Steadingomatic" */;
			compatibilityVersion = "Xcode 3.2";
			developmentRegion = English;
			hasScannedForEncodings = 0;
			knownRegions = (
				en,
				Base,
			);
			mainGroup = 24C5B80D1C779AEF00A2460E;
			productRefGroup = 24C5B8171C779AEF00A2460E /* Products */;
			projectDirPath = "";
			projectRoot = "";
			targets = (
				24C5B8151C779AEF00A2460E /* Steadingomatic */,
				24C5B8291C779AEF00A2460E /* SteadingomaticTests */,
				24C5B8341C779AEF00A2460E /* SteadingomaticUITests */,
			);
		};
/* End PBXProject section */

/* Begin PBXResourcesBuildPhase section */
		24C5B8141C779AEF00A2460E /* Resources */ = {
			isa = PBXResourcesBuildPhase;
			buildActionMask = 2147483647;
			files = (
				2467CD381C7BCCD9001DF3CD /* ElementalLordWords.json in Resources */,
				244660141C7C849B00F49CE7 /* ElementalVortexWords.json in Resources */,
				2467CD451C7BD86E001DF3CD /* HumanoidVerminWords.json in Resources */,
				2467CD2D1C7BCC33001DF3CD /* DemonPrinceWords.json in Resources */,
				2467CD421C7BD7A1001DF3CD /* DragonWords.json in Resources */,
				2467CD411C7BD7A1001DF3CD /* WanderingBarbariansWords.json in Resources */,
				244660151C7C849B00F49CE7 /* UnholyGroundWords.json in Resources */,
				2467CD1B1C7BAAEF001DF3CD /* BaseWords.json in Resources */,
				24C5B8241C779AEF00A2460E /* LaunchScreen.storyboard in Resources */,
				2467CD371C7BCCD9001DF3CD /* ForceOfChaosWords.json in Resources */,
				2467CD491C7BD8FC001DF3CD /* AbandonedTowerWords.json in Resources */,
				2467CD361C7BCCD9001DF3CD /* ChoirOfAngelsWords.json in Resources */,
				2467CD3E1C7BCFBA001DF3CD /* MisguidedGoodWords.json in Resources */,
				2467CD4A1C7BD8FC001DF3CD /* PlagueOfTheUndeadWords.json in Resources */,
				24C5B84E1C779F2100A2460E /* librebaskerville-regular-webfont.ttf in Resources */,
				24C5B84D1C779F2100A2460E /* librebaskerville-italic-webfont.ttf in Resources */,
				2467CD2E1C7BCC33001DF3CD /* GodWords.json in Resources */,
				2467CD3C1C7BCFBA001DF3CD /* SentientArtifactWords.json in Resources */,
				24C5B85F1C77C8AA00A2460E /* SteadingWords.json in Resources */,
				2467CD251C7BC583001DF3CD /* CultWords.json in Resources */,
				2467CD281C7BCA17001DF3CD /* ReligiousOrganizationWords.json in Resources */,
				2467CD1D1C7BAF1C001DF3CD /* ThievesGuildWords.json in Resources */,
				24C5B84C1C779F2100A2460E /* librebaskerville-bold-webfont.ttf in Resources */,
				2467CD461C7BD86E001DF3CD /* UndergroundDwellersWords.json in Resources */,
				2467CD3D1C7BCFBA001DF3CD /* LordOfTheUndeadWords.json in Resources */,
				24C5B8211C779AEF00A2460E /* Assets.xcassets in Resources */,
				2467CD301C7BCC33001DF3CD /* CorruptGovernmentWords.json in Resources */,
				2467CD351C7BCCD9001DF3CD /* ConstructOfLawWords.json in Resources */,
				24C5B81F1C779AEF00A2460E /* Main.storyboard in Resources */,
				2467CD2F1C7BCC33001DF3CD /* CabalWords.json in Resources */,
				2467CD4C1C7C7F56001DF3CD /* ChosenOneWords.json in Resources */,
			);
			runOnlyForDeploymentPostprocessing = 0;
		};
		24C5B8281C779AEF00A2460E /* Resources */ = {
			isa = PBXResourcesBuildPhase;
			buildActionMask = 2147483647;
			files = (
			);
			runOnlyForDeploymentPostprocessing = 0;
		};
		24C5B8331C779AEF00A2460E /* Resources */ = {
			isa = PBXResourcesBuildPhase;
			buildActionMask = 2147483647;
			files = (
			);
			runOnlyForDeploymentPostprocessing = 0;
		};
/* End PBXResourcesBuildPhase section */

/* Begin PBXSourcesBuildPhase section */
		24C5B8121C779AEF00A2460E /* Sources */ = {
			isa = PBXSourcesBuildPhase;
			buildActionMask = 2147483647;
			files = (
				247DAADA1C7A48C10070A7FC /* String.swift in Sources */,
				2467CD171C7BA7F4001DF3CD /* Front.swift in Sources */,
				2467CD191C7BA7FE001DF3CD /* Danger.swift in Sources */,
				24C5B8551C77A24200A2460E /* Steading.swift in Sources */,
				2467CD511C7C802E001DF3CD /* SteadingTableViewCell.swift in Sources */,
				2467CD211C7BC023001DF3CD /* Doom.swift in Sources */,
				24C5B8571C77A79D00A2460E /* SubstitutionTemplate.swift in Sources */,
				24C5B81C1C779AEF00A2460E /* ViewController.swift in Sources */,
				24E621DA1C7B5F5F00E27DE2 /* NSScanner+Swift.swift in Sources */,
				24E621E01C7B7EA000E27DE2 /* SteadingViewController.swift in Sources */,
				24C5B8501C77A18D00A2460E /* SteadingsTableViewController.swift in Sources */,
				24C5B81A1C779AEF00A2460E /* AppDelegate.swift in Sources */,
				24E621E31C7B800800E27DE2 /* SteadingDetailView.swift in Sources */,
				2467CD231C7BC43D001DF3CD /* Pluralize.swift in Sources */,
			);
			runOnlyForDeploymentPostprocessing = 0;
		};
		24C5B8261C779AEF00A2460E /* Sources */ = {
			isa = PBXSourcesBuildPhase;
			buildActionMask = 2147483647;
			files = (
				24C5B82F1C779AEF00A2460E /* SteadingomaticTests.swift in Sources */,
			);
			runOnlyForDeploymentPostprocessing = 0;
		};
		24C5B8311C779AEF00A2460E /* Sources */ = {
			isa = PBXSourcesBuildPhase;
			buildActionMask = 2147483647;
			files = (
				24C5B83A1C779AEF00A2460E /* SteadingomaticUITests.swift in Sources */,
			);
			runOnlyForDeploymentPostprocessing = 0;
		};
/* End PBXSourcesBuildPhase section */

/* Begin PBXTargetDependency section */
		24C5B82C1C779AEF00A2460E /* PBXTargetDependency */ = {
			isa = PBXTargetDependency;
			target = 24C5B8151C779AEF00A2460E /* Steadingomatic */;
			targetProxy = 24C5B82B1C779AEF00A2460E /* PBXContainerItemProxy */;
		};
		24C5B8371C779AEF00A2460E /* PBXTargetDependency */ = {
			isa = PBXTargetDependency;
			target = 24C5B8151C779AEF00A2460E /* Steadingomatic */;
			targetProxy = 24C5B8361C779AEF00A2460E /* PBXContainerItemProxy */;
		};
/* End PBXTargetDependency section */

/* Begin PBXVariantGroup section */
		24C5B81D1C779AEF00A2460E /* Main.storyboard */ = {
			isa = PBXVariantGroup;
			children = (
				24C5B81E1C779AEF00A2460E /* Base */,
			);
			name = Main.storyboard;
			sourceTree = "<group>";
		};
		24C5B8221C779AEF00A2460E /* LaunchScreen.storyboard */ = {
			isa = PBXVariantGroup;
			children = (
				24C5B8231C779AEF00A2460E /* Base */,
			);
			name = LaunchScreen.storyboard;
			sourceTree = "<group>";
		};
/* End PBXVariantGroup section */

/* Begin XCBuildConfiguration section */
		24C5B83C1C779AEF00A2460E /* Debug */ = {
			isa = XCBuildConfiguration;
			buildSettings = {
				ALWAYS_SEARCH_USER_PATHS = NO;
				CLANG_CXX_LANGUAGE_STANDARD = "gnu++0x";
				CLANG_CXX_LIBRARY = "libc++";
				CLANG_ENABLE_MODULES = YES;
				CLANG_ENABLE_OBJC_ARC = YES;
				CLANG_WARN_BOOL_CONVERSION = YES;
				CLANG_WARN_CONSTANT_CONVERSION = YES;
				CLANG_WARN_DIRECT_OBJC_ISA_USAGE = YES_ERROR;
				CLANG_WARN_EMPTY_BODY = YES;
				CLANG_WARN_ENUM_CONVERSION = YES;
				CLANG_WARN_INT_CONVERSION = YES;
				CLANG_WARN_OBJC_ROOT_CLASS = YES_ERROR;
				CLANG_WARN_UNREACHABLE_CODE = YES;
				CLANG_WARN__DUPLICATE_METHOD_MATCH = YES;
				"CODE_SIGN_IDENTITY[sdk=iphoneos*]" = "iPhone Developer";
				COPY_PHASE_STRIP = NO;
				DEBUG_INFORMATION_FORMAT = dwarf;
				ENABLE_STRICT_OBJC_MSGSEND = YES;
				ENABLE_TESTABILITY = YES;
				GCC_C_LANGUAGE_STANDARD = gnu99;
				GCC_DYNAMIC_NO_PIC = NO;
				GCC_NO_COMMON_BLOCKS = YES;
				GCC_OPTIMIZATION_LEVEL = 0;
				GCC_PREPROCESSOR_DEFINITIONS = (
					"DEBUG=1",
					"$(inherited)",
				);
				GCC_WARN_64_TO_32_BIT_CONVERSION = YES;
				GCC_WARN_ABOUT_RETURN_TYPE = YES_ERROR;
				GCC_WARN_UNDECLARED_SELECTOR = YES;
				GCC_WARN_UNINITIALIZED_AUTOS = YES_AGGRESSIVE;
				GCC_WARN_UNUSED_FUNCTION = YES;
				GCC_WARN_UNUSED_VARIABLE = YES;
				IPHONEOS_DEPLOYMENT_TARGET = 9.2;
				MTL_ENABLE_DEBUG_INFO = YES;
				ONLY_ACTIVE_ARCH = YES;
				SDKROOT = iphoneos;
				SWIFT_OPTIMIZATION_LEVEL = "-Onone";
				TARGETED_DEVICE_FAMILY = "1,2";
			};
			name = Debug;
		};
		24C5B83D1C779AEF00A2460E /* Release */ = {
			isa = XCBuildConfiguration;
			buildSettings = {
				ALWAYS_SEARCH_USER_PATHS = NO;
				CLANG_CXX_LANGUAGE_STANDARD = "gnu++0x";
				CLANG_CXX_LIBRARY = "libc++";
				CLANG_ENABLE_MODULES = YES;
				CLANG_ENABLE_OBJC_ARC = YES;
				CLANG_WARN_BOOL_CONVERSION = YES;
				CLANG_WARN_CONSTANT_CONVERSION = YES;
				CLANG_WARN_DIRECT_OBJC_ISA_USAGE = YES_ERROR;
				CLANG_WARN_EMPTY_BODY = YES;
				CLANG_WARN_ENUM_CONVERSION = YES;
				CLANG_WARN_INT_CONVERSION = YES;
				CLANG_WARN_OBJC_ROOT_CLASS = YES_ERROR;
				CLANG_WARN_UNREACHABLE_CODE = YES;
				CLANG_WARN__DUPLICATE_METHOD_MATCH = YES;
				"CODE_SIGN_IDENTITY[sdk=iphoneos*]" = "iPhone Developer";
				COPY_PHASE_STRIP = NO;
				DEBUG_INFORMATION_FORMAT = "dwarf-with-dsym";
				ENABLE_NS_ASSERTIONS = NO;
				ENABLE_STRICT_OBJC_MSGSEND = YES;
				GCC_C_LANGUAGE_STANDARD = gnu99;
				GCC_NO_COMMON_BLOCKS = YES;
				GCC_WARN_64_TO_32_BIT_CONVERSION = YES;
				GCC_WARN_ABOUT_RETURN_TYPE = YES_ERROR;
				GCC_WARN_UNDECLARED_SELECTOR = YES;
				GCC_WARN_UNINITIALIZED_AUTOS = YES_AGGRESSIVE;
				GCC_WARN_UNUSED_FUNCTION = YES;
				GCC_WARN_UNUSED_VARIABLE = YES;
				IPHONEOS_DEPLOYMENT_TARGET = 9.2;
				MTL_ENABLE_DEBUG_INFO = NO;
				SDKROOT = iphoneos;
				TARGETED_DEVICE_FAMILY = "1,2";
				VALIDATE_PRODUCT = YES;
			};
			name = Release;
		};
		24C5B83F1C779AEF00A2460E /* Debug */ = {
			isa = XCBuildConfiguration;
			buildSettings = {
				ASSETCATALOG_COMPILER_APPICON_NAME = AppIcon;
				INFOPLIST_FILE = Steadingomatic/Info.plist;
				LD_RUNPATH_SEARCH_PATHS = "$(inherited) @executable_path/Frameworks";
				PRODUCT_BUNDLE_IDENTIFIER = Slabgorb.com.Steadingomatic;
				PRODUCT_NAME = "$(TARGET_NAME)";
			};
			name = Debug;
		};
		24C5B8401C779AEF00A2460E /* Release */ = {
			isa = XCBuildConfiguration;
			buildSettings = {
				ASSETCATALOG_COMPILER_APPICON_NAME = AppIcon;
				INFOPLIST_FILE = Steadingomatic/Info.plist;
				LD_RUNPATH_SEARCH_PATHS = "$(inherited) @executable_path/Frameworks";
				PRODUCT_BUNDLE_IDENTIFIER = Slabgorb.com.Steadingomatic;
				PRODUCT_NAME = "$(TARGET_NAME)";
			};
			name = Release;
		};
		24C5B8421C779AEF00A2460E /* Debug */ = {
			isa = XCBuildConfiguration;
			buildSettings = {
				BUNDLE_LOADER = "$(TEST_HOST)";
				INFOPLIST_FILE = SteadingomaticTests/Info.plist;
				LD_RUNPATH_SEARCH_PATHS = "$(inherited) @executable_path/Frameworks @loader_path/Frameworks";
				PRODUCT_BUNDLE_IDENTIFIER = Slabgorb.com.SteadingomaticTests;
				PRODUCT_NAME = "$(TARGET_NAME)";
				TEST_HOST = "$(BUILT_PRODUCTS_DIR)/Steadingomatic.app/Steadingomatic";
			};
			name = Debug;
		};
		24C5B8431C779AEF00A2460E /* Release */ = {
			isa = XCBuildConfiguration;
			buildSettings = {
				BUNDLE_LOADER = "$(TEST_HOST)";
				INFOPLIST_FILE = SteadingomaticTests/Info.plist;
				LD_RUNPATH_SEARCH_PATHS = "$(inherited) @executable_path/Frameworks @loader_path/Frameworks";
				PRODUCT_BUNDLE_IDENTIFIER = Slabgorb.com.SteadingomaticTests;
				PRODUCT_NAME = "$(TARGET_NAME)";
				TEST_HOST = "$(BUILT_PRODUCTS_DIR)/Steadingomatic.app/Steadingomatic";
			};
			name = Release;
		};
		24C5B8451C779AEF00A2460E /* Debug */ = {
			isa = XCBuildConfiguration;
			buildSettings = {
				INFOPLIST_FILE = SteadingomaticUITests/Info.plist;
				LD_RUNPATH_SEARCH_PATHS = "$(inherited) @executable_path/Frameworks @loader_path/Frameworks";
				PRODUCT_BUNDLE_IDENTIFIER = Slabgorb.com.SteadingomaticUITests;
				PRODUCT_NAME = "$(TARGET_NAME)";
				TEST_TARGET_NAME = Steadingomatic;
				USES_XCTRUNNER = YES;
			};
			name = Debug;
		};
		24C5B8461C779AEF00A2460E /* Release */ = {
			isa = XCBuildConfiguration;
			buildSettings = {
				INFOPLIST_FILE = SteadingomaticUITests/Info.plist;
				LD_RUNPATH_SEARCH_PATHS = "$(inherited) @executable_path/Frameworks @loader_path/Frameworks";
				PRODUCT_BUNDLE_IDENTIFIER = Slabgorb.com.SteadingomaticUITests;
				PRODUCT_NAME = "$(TARGET_NAME)";
				TEST_TARGET_NAME = Steadingomatic;
				USES_XCTRUNNER = YES;
			};
			name = Release;
		};
/* End XCBuildConfiguration section */

/* Begin XCConfigurationList section */
		24C5B8111C779AEF00A2460E /* Build configuration list for PBXProject "Steadingomatic" */ = {
			isa = XCConfigurationList;
			buildConfigurations = (
				24C5B83C1C779AEF00A2460E /* Debug */,
				24C5B83D1C779AEF00A2460E /* Release */,
			);
			defaultConfigurationIsVisible = 0;
			defaultConfigurationName = Release;
		};
		24C5B83E1C779AEF00A2460E /* Build configuration list for PBXNativeTarget "Steadingomatic" */ = {
			isa = XCConfigurationList;
			buildConfigurations = (
				24C5B83F1C779AEF00A2460E /* Debug */,
				24C5B8401C779AEF00A2460E /* Release */,
			);
			defaultConfigurationIsVisible = 0;
			defaultConfigurationName = Release;
		};
		24C5B8411C779AEF00A2460E /* Build configuration list for PBXNativeTarget "SteadingomaticTests" */ = {
			isa = XCConfigurationList;
			buildConfigurations = (
				24C5B8421C779AEF00A2460E /* Debug */,
				24C5B8431C779AEF00A2460E /* Release */,
			);
			defaultConfigurationIsVisible = 0;
			defaultConfigurationName = Release;
		};
		24C5B8441C779AEF00A2460E /* Build configuration list for PBXNativeTarget "SteadingomaticUITests" */ = {
			isa = XCConfigurationList;
			buildConfigurations = (
				24C5B8451C779AEF00A2460E /* Debug */,
				24C5B8461C779AEF00A2460E /* Release */,
			);
			defaultConfigurationIsVisible = 0;
			defaultConfigurationName = Release;
		};
/* End XCConfigurationList section */
	};
	rootObject = 24C5B80E1C779AEF00A2460E /* Project object */;
}
